
Microsoft Visual Studio Solution File, Format Version 12.00
# Visual Studio Version 17
VisualStudioVersion = 17.11.35208.52
MinimumVisualStudioVersion = 10.0.40219.1
Project("{54A90642-561A-4BB1-A94E-469ADEE60C69}") = "trainingmanager.client", "trainingmanager.client\trainingmanager.client.esproj", "{CCC04114-939B-4303-B919-A260CF546283}"
EndProject
Project("{9A19103F-16F7-4668-BE54-9A1E7A4F7556}") = "TrainingManager.DataAccess", "TrainingManager.DataAccess\TrainingManager.DataAccess.csproj", "{00A1EC07-D1FB-4512-83D8-B63D93EFE190}"
EndProject
Project("{9A19103F-16F7-4668-BE54-9A1E7A4F7556}") = "TrainingManager.WebAPI", "TrainingManager.WebAPI\TrainingManager.WebAPI.csproj", "{DD7218CE-2499-45A7-8E55-8F50162DF8DE}"
EndProject
Global
	GlobalSection(SolutionConfigurationPlatforms) = preSolution
		Debug|Any CPU = Debug|Any CPU
		Release|Any CPU = Release|Any CPU
	EndGlobalSection
	GlobalSection(ProjectConfigurationPlatforms) = postSolution
		{CCC04114-939B-4303-B919-A260CF546283}.Debug|Any CPU.ActiveCfg = Debug|Any CPU
		{CCC04114-939B-4303-B919-A260CF546283}.Debug|Any CPU.Build.0 = Debug|Any CPU
		{CCC04114-939B-4303-B919-A260CF546283}.Debug|Any CPU.Deploy.0 = Debug|Any CPU
		{CCC04114-939B-4303-B919-A260CF546283}.Release|Any CPU.ActiveCfg = Release|Any CPU
		{CCC04114-939B-4303-B919-A260CF546283}.Release|Any CPU.Build.0 = Release|Any CPU
		{CCC04114-939B-4303-B919-A260CF546283}.Release|Any CPU.Deploy.0 = Release|Any CPU
		{00A1EC07-D1FB-4512-83D8-B63D93EFE190}.Debug|Any CPU.ActiveCfg = Debug|Any CPU
		{00A1EC07-D1FB-4512-83D8-B63D93EFE190}.Debug|Any CPU.Build.0 = Debug|Any CPU
		{00A1EC07-D1FB-4512-83D8-B63D93EFE190}.Release|Any CPU.ActiveCfg = Release|Any CPU
		{00A1EC07-D1FB-4512-83D8-B63D93EFE190}.Release|Any CPU.Build.0 = Release|Any CPU
		{DD7218CE-2499-45A7-8E55-8F50162DF8DE}.Debug|Any CPU.ActiveCfg = Debug|Any CPU
		{DD7218CE-2499-45A7-8E55-8F50162DF8DE}.Debug|Any CPU.Build.0 = Debug|Any CPU
		{DD7218CE-2499-45A7-8E55-8F50162DF8DE}.Release|Any CPU.ActiveCfg = Release|Any CPU
		{DD7218CE-2499-45A7-8E55-8F50162DF8DE}.Release|Any CPU.Build.0 = Release|Any CPU
	EndGlobalSection
	GlobalSection(SolutionProperties) = preSolution
		HideSolutionNode = FALSE
	EndGlobalSection
	GlobalSection(ExtensibilityGlobals) = postSolution
		SolutionGuid = {5D70EDB0-6675-4B9D-89E5-B0D674C07A6D}
	EndGlobalSection
EndGlobal
